
Microsoft Visual Studio Solution File, Format Version 12.00
# Visual Studio Version 17
VisualStudioVersion = 17.7.34003.232
MinimumVisualStudioVersion = 10.0.40219.1
Project("{FAE04EC0-301F-11D3-BF4B-00C04F79EFBC}") = "пр2", "пр2\пр2.csproj", "{A6CD72FC-D11B-40F4-87BE-41EDB2651D9D}"
EndProject
Global
	GlobalSection(SolutionConfigurationPlatforms) = preSolution
		Debug|Any CPU = Debug|Any CPU
		Release|Any CPU = Release|Any CPU
	EndGlobalSection
	GlobalSection(ProjectConfigurationPlatforms) = postSolution
		{A6CD72FC-D11B-40F4-87BE-41EDB2651D9D}.Debug|Any CPU.ActiveCfg = Debug|Any CPU
		{A6CD72FC-D11B-40F4-87BE-41EDB2651D9D}.Debug|Any CPU.Build.0 = Debug|Any CPU
		{A6CD72FC-D11B-40F4-87BE-41EDB2651D9D}.Release|Any CPU.ActiveCfg = Release|Any CPU
		{A6CD72FC-D11B-40F4-87BE-41EDB2651D9D}.Release|Any CPU.Build.0 = Release|Any CPU
	EndGlobalSection
	GlobalSection(SolutionProperties) = preSolution
		HideSolutionNode = FALSE
	EndGlobalSection
	GlobalSection(ExtensibilityGlobals) = postSolution
		SolutionGuid = {F13327D9-F710-4678-8C1A-DF8E0108676F}
	EndGlobalSection
EndGlobal
